
Microsoft Visual Studio Solution File, Format Version 12.00
# Visual Studio Version 17
VisualStudioVersion = 17.0.31919.166
MinimumVisualStudioVersion = 10.0.40219.1
Project("{FAE04EC0-301F-11D3-BF4B-00C04F79EFBC}") = "CuentasClaras", "CuentasClaras\CuentasClaras.csproj", "{BE1C8F49-FC9D-44A3-A998-07B001B9329B}"
EndProject
Global
	GlobalSection(SolutionConfigurationPlatforms) = preSolution
		Debug|Any CPU = Debug|Any CPU
		Release|Any CPU = Release|Any CPU
	EndGlobalSection
	GlobalSection(ProjectConfigurationPlatforms) = postSolution
		{BE1C8F49-FC9D-44A3-A998-07B001B9329B}.Debug|Any CPU.ActiveCfg = Debug|Any CPU
		{BE1C8F49-FC9D-44A3-A998-07B001B9329B}.Debug|Any CPU.Build.0 = Debug|Any CPU
		{BE1C8F49-FC9D-44A3-A998-07B001B9329B}.Release|Any CPU.ActiveCfg = Release|Any CPU
		{BE1C8F49-FC9D-44A3-A998-07B001B9329B}.Release|Any CPU.Build.0 = Release|Any CPU
	EndGlobalSection
	GlobalSection(SolutionProperties) = preSolution
		HideSolutionNode = FALSE
	EndGlobalSection
	GlobalSection(ExtensibilityGlobals) = postSolution
		SolutionGuid = {08D64909-C1FF-43BC-8194-B2B12FFDC1B5}
	EndGlobalSection
EndGlobal
